
Microsoft Visual Studio Solution File, Format Version 12.00
# Visual Studio 15
VisualStudioVersion = 15.0.28307.1209
MinimumVisualStudioVersion = 10.0.40219.1
Project("{FAE04EC0-301F-11D3-BF4B-00C04F79EFBC}") = "AAAAA", "AAAAA.csproj", "{7B0350A1-5AF4-4875-9531-49EF3DF9DD98}"
EndProject
Project("{FAE04EC0-301F-11D3-BF4B-00C04F79EFBC}") = "LOGLIBRARY", "..\LOGLIBRARY\LOGLIBRARY.csproj", "{9637168B-9F29-4B55-B46B-5D266CA54386}"
EndProject
Global
	GlobalSection(SolutionConfigurationPlatforms) = preSolution
		Debug|Any CPU = Debug|Any CPU
		Release|Any CPU = Release|Any CPU
	EndGlobalSection
	GlobalSection(ProjectConfigurationPlatforms) = postSolution
		{7B0350A1-5AF4-4875-9531-49EF3DF9DD98}.Debug|Any CPU.ActiveCfg = Debug|Any CPU
		{7B0350A1-5AF4-4875-9531-49EF3DF9DD98}.Debug|Any CPU.Build.0 = Debug|Any CPU
		{7B0350A1-5AF4-4875-9531-49EF3DF9DD98}.Release|Any CPU.ActiveCfg = Release|Any CPU
		{7B0350A1-5AF4-4875-9531-49EF3DF9DD98}.Release|Any CPU.Build.0 = Release|Any CPU
		{9637168B-9F29-4B55-B46B-5D266CA54386}.Debug|Any CPU.ActiveCfg = Debug|Any CPU
		{9637168B-9F29-4B55-B46B-5D266CA54386}.Debug|Any CPU.Build.0 = Debug|Any CPU
		{9637168B-9F29-4B55-B46B-5D266CA54386}.Release|Any CPU.ActiveCfg = Release|Any CPU
		{9637168B-9F29-4B55-B46B-5D266CA54386}.Release|Any CPU.Build.0 = Release|Any CPU
	EndGlobalSection
	GlobalSection(SolutionProperties) = preSolution
		HideSolutionNode = FALSE
	EndGlobalSection
	GlobalSection(ExtensibilityGlobals) = postSolution
		SolutionGuid = {6EF1B383-F79D-4760-A18F-EF9458A1A358}
	EndGlobalSection
EndGlobal
